
Microsoft Visual Studio Solution File, Format Version 12.00
# Visual Studio Version 16
VisualStudioVersion = 16.0.31515.178
MinimumVisualStudioVersion = 10.0.40219.1
Project("{9A19103F-16F7-4668-BE54-9A1E7A4F7556}") = "GlobusRemote", "GlobusRemote\GlobusRemote.csproj", "{36A6C8C8-DEF0-457E-BE8F-2C4722894666}"
EndProject
Global
	GlobalSection(SolutionConfigurationPlatforms) = preSolution
		Debug|Any CPU = Debug|Any CPU
		Release|Any CPU = Release|Any CPU
	EndGlobalSection
	GlobalSection(ProjectConfigurationPlatforms) = postSolution
		{36A6C8C8-DEF0-457E-BE8F-2C4722894666}.Debug|Any CPU.ActiveCfg = Debug|Any CPU
		{36A6C8C8-DEF0-457E-BE8F-2C4722894666}.Debug|Any CPU.Build.0 = Debug|Any CPU
		{36A6C8C8-DEF0-457E-BE8F-2C4722894666}.Release|Any CPU.ActiveCfg = Release|Any CPU
		{36A6C8C8-DEF0-457E-BE8F-2C4722894666}.Release|Any CPU.Build.0 = Release|Any CPU
	EndGlobalSection
	GlobalSection(SolutionProperties) = preSolution
		HideSolutionNode = FALSE
	EndGlobalSection
	GlobalSection(ExtensibilityGlobals) = postSolution
		SolutionGuid = {C5BEAE79-0461-4AC7-994A-A76ADF5BDA21}
	EndGlobalSection
EndGlobal
